<Solution>
  <Folder Name="/Solution Items/">
    <File Path="CubeSharp.md" />
    <File Path="Directory.Build.props" />
  </Folder>
  <Folder Name="/src/">
    <Project Path="src/CubeSharp/CubeSharp.csproj" />
  </Folder>
  <Folder Name="/tests/">
    <Project Path="tests/CubeSharp.Tests/CubeSharp.Tests.csproj" />
  </Folder>
</Solution>
